// !$*UTF8*$!
{
	archiveVersion = 1;
	classes = {
	};
	objectVersion = 50;
	objects = {

/* Begin PBXBuildFile section */
		32E7EC69136B67D2A38B776B /* Pods_csh_Project.framework in Frameworks */ = {isa = PBXBuildFile; fileRef = E2FCBED52576599778422C94 /* Pods_csh_Project.framework */; };
		C31B01E921C0EA2B008353CD /* WishlistTableViewController.swift in Sources */ = {isa = PBXBuildFile; fileRef = C31B01E821C0EA2B008353CD /* WishlistTableViewController.swift */; };
		C31B01F121C94BAE008353CD /* top.PNG in Resources */ = {isa = PBXBuildFile; fileRef = C31B01F021C94BAE008353CD /* top.PNG */; };
		C31B01F321C94BC9008353CD /* layout.png in Resources */ = {isa = PBXBuildFile; fileRef = C31B01F221C94BC8008353CD /* layout.png */; };
		C31B01F521C94D12008353CD /* title.png in Resources */ = {isa = PBXBuildFile; fileRef = C31B01F421C94D12008353CD /* title.png */; };
		C343640021B59C9D0028E57A /* GoogleService-Info.plist in Resources */ = {isa = PBXBuildFile; fileRef = C34363FF21B59C9C0028E57A /* GoogleService-Info.plist */; };
		C398CBF021CCAB8600995C00 /* CartTableViewController.swift in Sources */ = {isa = PBXBuildFile; fileRef = C398CBEF21CCAB8600995C00 /* CartTableViewController.swift */; };
		C398CBF221CCB05900995C00 /* CartDetailViewController.swift in Sources */ = {isa = PBXBuildFile; fileRef = C398CBF121CCB05900995C00 /* CartDetailViewController.swift */; };
		C3A5A0AA21BEDD81002E38F6 /* HomeDetailViewController.swift in Sources */ = {isa = PBXBuildFile; fileRef = C3A5A0A921BEDD81002E38F6 /* HomeDetailViewController.swift */; };
		C3D51CCC21B92C4800893733 /* tabImg4.png in Resources */ = {isa = PBXBuildFile; fileRef = C3D51CC821B92C4800893733 /* tabImg4.png */; };
		C3D51CCD21B92C4800893733 /* tabImg3.png in Resources */ = {isa = PBXBuildFile; fileRef = C3D51CC921B92C4800893733 /* tabImg3.png */; };
		C3D51CCE21B92C4800893733 /* tabImg1.png in Resources */ = {isa = PBXBuildFile; fileRef = C3D51CCA21B92C4800893733 /* tabImg1.png */; };
		C3D51CCF21B92C4800893733 /* tabImg2.png in Resources */ = {isa = PBXBuildFile; fileRef = C3D51CCB21B92C4800893733 /* tabImg2.png */; };
		C3D51CD121BD06AD00893733 /* HomeTableViewController.swift in Sources */ = {isa = PBXBuildFile; fileRef = C3D51CD021BD06AD00893733 /* HomeTableViewController.swift */; };
		C3D7BEDC21ACF954001091D7 /* Wishlist.storyboard in Resources */ = {isa = PBXBuildFile; fileRef = C3D7BEDB21ACF954001091D7 /* Wishlist.storyboard */; };
		C3D7BEFE21B035B9001091D7 /* HomeViewController.swift in Sources */ = {isa = PBXBuildFile; fileRef = C3D7BEFD21B035B9001091D7 /* HomeViewController.swift */; };
		D414C44F21CA321600DC33E9 /* WishDetailViewController.swift in Sources */ = {isa = PBXBuildFile; fileRef = D414C44E21CA321600DC33E9 /* WishDetailViewController.swift */; };
		D48C5D5821A2EB27003F4D74 /* Home.storyboard in Resources */ = {isa = PBXBuildFile; fileRef = D48C5D5721A2EB27003F4D74 /* Home.storyboard */; };
		D48C5D5A21A2EBEF003F4D74 /* Cart.storyboard in Resources */ = {isa = PBXBuildFile; fileRef = D48C5D5921A2EBEF003F4D74 /* Cart.storyboard */; };
		D498AFC12199AD5100589B44 /* AppDelegate.swift in Sources */ = {isa = PBXBuildFile; fileRef = D498AFC02199AD5100589B44 /* AppDelegate.swift */; };
		D498AFC32199AD5100589B44 /* ViewController.swift in Sources */ = {isa = PBXBuildFile; fileRef = D498AFC22199AD5100589B44 /* ViewController.swift */; };
		D498AFC62199AD5100589B44 /* Main.storyboard in Resources */ = {isa = PBXBuildFile; fileRef = D498AFC42199AD5100589B44 /* Main.storyboard */; };
		D498AFC82199AD5300589B44 /* Assets.xcassets in Resources */ = {isa = PBXBuildFile; fileRef = D498AFC72199AD5300589B44 /* Assets.xcassets */; };
		D498AFCB2199AD5300589B44 /* LaunchScreen.storyboard in Resources */ = {isa = PBXBuildFile; fileRef = D498AFC92199AD5300589B44 /* LaunchScreen.storyboard */; };
/* End PBXBuildFile section */

/* Begin PBXFileReference section */
		33F03DEBFF4DCCAC45C9DAE8 /* Pods-csh_Project.debug.xcconfig */ = {isa = PBXFileReference; includeInIndex = 1; lastKnownFileType = text.xcconfig; name = "Pods-csh_Project.debug.xcconfig"; path = "Pods/Target Support Files/Pods-csh_Project/Pods-csh_Project.debug.xcconfig"; sourceTree = "<group>"; };
		4C1CD4E1D68FAE90F9A20E4D /* Pods-csh_Project.release.xcconfig */ = {isa = PBXFileReference; includeInIndex = 1; lastKnownFileType = text.xcconfig; name = "Pods-csh_Project.release.xcconfig"; path = "Pods/Target Support Files/Pods-csh_Project/Pods-csh_Project.release.xcconfig"; sourceTree = "<group>"; };
		C31B01E821C0EA2B008353CD /* WishlistTableViewController.swift */ = {isa = PBXFileReference; lastKnownFileType = sourcecode.swift; path = WishlistTableViewController.swift; sourceTree = "<group>"; };
		C31B01F021C94BAE008353CD /* top.PNG */ = {isa = PBXFileReference; lastKnownFileType = image.png; path = top.PNG; sourceTree = "<group>"; };
		C31B01F221C94BC8008353CD /* layout.png */ = {isa = PBXFileReference; lastKnownFileType = image.png; path = layout.png; sourceTree = "<group>"; };
		C31B01F421C94D12008353CD /* title.png */ = {isa = PBXFileReference; lastKnownFileType = image.png; path = title.png; sourceTree = "<group>"; };
		C34363FF21B59C9C0028E57A /* GoogleService-Info.plist */ = {isa = PBXFileReference; fileEncoding = 4; lastKnownFileType = text.plist.xml; path = "GoogleService-Info.plist"; sourceTree = "<group>"; };
		C398CBEF21CCAB8600995C00 /* CartTableViewController.swift */ = {isa = PBXFileReference; lastKnownFileType = sourcecode.swift; path = CartTableViewController.swift; sourceTree = "<group>"; };
		C398CBF121CCB05900995C00 /* CartDetailViewController.swift */ = {isa = PBXFileReference; lastKnownFileType = sourcecode.swift; path = CartDetailViewController.swift; sourceTree = "<group>"; };
		C3A5A0A921BEDD81002E38F6 /* HomeDetailViewController.swift */ = {isa = PBXFileReference; lastKnownFileType = sourcecode.swift; path = HomeDetailViewController.swift; sourceTree = "<group>"; };
		C3D51CC821B92C4800893733 /* tabImg4.png */ = {isa = PBXFileReference; lastKnownFileType = image.png; path = tabImg4.png; sourceTree = "<group>"; };
		C3D51CC921B92C4800893733 /* tabImg3.png */ = {isa = PBXFileReference; lastKnownFileType = image.png; path = tabImg3.png; sourceTree = "<group>"; };
		C3D51CCA21B92C4800893733 /* tabImg1.png */ = {isa = PBXFileReference; lastKnownFileType = image.png; path = tabImg1.png; sourceTree = "<group>"; };
		C3D51CCB21B92C4800893733 /* tabImg2.png */ = {isa = PBXFileReference; lastKnownFileType = image.png; path = tabImg2.png; sourceTree = "<group>"; };
		C3D51CD021BD06AD00893733 /* HomeTableViewController.swift */ = {isa = PBXFileReference; lastKnownFileType = sourcecode.swift; path = HomeTableViewController.swift; sourceTree = "<group>"; };
		C3D7BEDB21ACF954001091D7 /* Wishlist.storyboard */ = {isa = PBXFileReference; lastKnownFileType = file.storyboard; path = Wishlist.storyboard; sourceTree = "<group>"; };
		C3D7BEFD21B035B9001091D7 /* HomeViewController.swift */ = {isa = PBXFileReference; lastKnownFileType = sourcecode.swift; path = HomeViewController.swift; sourceTree = "<group>"; };
		D414C44E21CA321600DC33E9 /* WishDetailViewController.swift */ = {isa = PBXFileReference; lastKnownFileType = sourcecode.swift; path = WishDetailViewController.swift; sourceTree = "<group>"; };
		D48C5D5721A2EB27003F4D74 /* Home.storyboard */ = {isa = PBXFileReference; lastKnownFileType = file.storyboard; path = Home.storyboard; sourceTree = "<group>"; };
		D48C5D5921A2EBEF003F4D74 /* Cart.storyboard */ = {isa = PBXFileReference; lastKnownFileType = file.storyboard; path = Cart.storyboard; sourceTree = "<group>"; };
		D498AFBD2199AD5100589B44 /* csh_Project.app */ = {isa = PBXFileReference; explicitFileType = wrapper.application; includeInIndex = 0; path = csh_Project.app; sourceTree = BUILT_PRODUCTS_DIR; };
		D498AFC02199AD5100589B44 /* AppDelegate.swift */ = {isa = PBXFileReference; lastKnownFileType = sourcecode.swift; path = AppDelegate.swift; sourceTree = "<group>"; };
		D498AFC22199AD5100589B44 /* ViewController.swift */ = {isa = PBXFileReference; lastKnownFileType = sourcecode.swift; path = ViewController.swift; sourceTree = "<group>"; };
		D498AFC52199AD5100589B44 /* Base */ = {isa = PBXFileReference; lastKnownFileType = file.storyboard; name = Base; path = Base.lproj/Main.storyboard; sourceTree = "<group>"; };
		D498AFC72199AD5300589B44 /* Assets.xcassets */ = {isa = PBXFileReference; lastKnownFileType = folder.assetcatalog; path = Assets.xcassets; sourceTree = "<group>"; };
		D498AFCA2199AD5300589B44 /* Base */ = {isa = PBXFileReference; lastKnownFileType = file.storyboard; name = Base; path = Base.lproj/LaunchScreen.storyboard; sourceTree = "<group>"; };
		D498AFCC2199AD5300589B44 /* Info.plist */ = {isa = PBXFileReference; lastKnownFileType = text.plist.xml; path = Info.plist; sourceTree = "<group>"; };
		E2FCBED52576599778422C94 /* Pods_csh_Project.framework */ = {isa = PBXFileReference; explicitFileType = wrapper.framework; includeInIndex = 0; path = Pods_csh_Project.framework; sourceTree = BUILT_PRODUCTS_DIR; };
/* End PBXFileReference section */

/* Begin PBXFrameworksBuildPhase section */
		D498AFBA2199AD5100589B44 /* Frameworks */ = {
			isa = PBXFrameworksBuildPhase;
			buildActionMask = 2147483647;
			files = (
				32E7EC69136B67D2A38B776B /* Pods_csh_Project.framework in Frameworks */,
			);
			runOnlyForDeploymentPostprocessing = 0;
		};
/* End PBXFrameworksBuildPhase section */

/* Begin PBXGroup section */
		AA13127F1F300033BF95DEF8 /* Pods */ = {
			isa = PBXGroup;
			children = (
				33F03DEBFF4DCCAC45C9DAE8 /* Pods-csh_Project.debug.xcconfig */,
				4C1CD4E1D68FAE90F9A20E4D /* Pods-csh_Project.release.xcconfig */,
			);
			name = Pods;
			sourceTree = "<group>";
		};
		C3D51CC721B92C2300893733 /* Img */ = {
			isa = PBXGroup;
			children = (
				C3D51CCA21B92C4800893733 /* tabImg1.png */,
				C3D51CCB21B92C4800893733 /* tabImg2.png */,
				C3D51CC921B92C4800893733 /* tabImg3.png */,
				C3D51CC821B92C4800893733 /* tabImg4.png */,
				C31B01F021C94BAE008353CD /* top.PNG */,
				C31B01F421C94D12008353CD /* title.png */,
				C31B01F221C94BC8008353CD /* layout.png */,
			);
			path = Img;
			sourceTree = "<group>";
		};
		C3FF0A7BCF4C503FBC4E2E7F /* Frameworks */ = {
			isa = PBXGroup;
			children = (
				E2FCBED52576599778422C94 /* Pods_csh_Project.framework */,
			);
			name = Frameworks;
			sourceTree = "<group>";
		};
		D498AFB42199AD5100589B44 = {
			isa = PBXGroup;
			children = (
				C3D51CC721B92C2300893733 /* Img */,
				D498AFBF2199AD5100589B44 /* csh_Project */,
				D498AFBE2199AD5100589B44 /* Products */,
				AA13127F1F300033BF95DEF8 /* Pods */,
				C3FF0A7BCF4C503FBC4E2E7F /* Frameworks */,
			);
			sourceTree = "<group>";
		};
		D498AFBE2199AD5100589B44 /* Products */ = {
			isa = PBXGroup;
			children = (
				D498AFBD2199AD5100589B44 /* csh_Project.app */,
			);
			name = Products;
			sourceTree = "<group>";
		};
		D498AFBF2199AD5100589B44 /* csh_Project */ = {
			isa = PBXGroup;
			children = (
				D498AFC02199AD5100589B44 /* AppDelegate.swift */,
				D498AFC22199AD5100589B44 /* ViewController.swift */,
				D498AFCC2199AD5300589B44 /* Info.plist */,
				C34363FF21B59C9C0028E57A /* GoogleService-Info.plist */,
				D498AFC72199AD5300589B44 /* Assets.xcassets */,
				D498AFC92199AD5300589B44 /* LaunchScreen.storyboard */,
				D498AFC42199AD5100589B44 /* Main.storyboard */,
				D48C5D5721A2EB27003F4D74 /* Home.storyboard */,
				C3D7BEFD21B035B9001091D7 /* HomeViewController.swift */,
				C3D51CD021BD06AD00893733 /* HomeTableViewController.swift */,
				C3A5A0A921BEDD81002E38F6 /* HomeDetailViewController.swift */,
				C3D7BEDB21ACF954001091D7 /* Wishlist.storyboard */,
				C31B01E821C0EA2B008353CD /* WishlistTableViewController.swift */,
				D414C44E21CA321600DC33E9 /* WishDetailViewController.swift */,
				D48C5D5921A2EBEF003F4D74 /* Cart.storyboard */,
				C398CBEF21CCAB8600995C00 /* CartTableViewController.swift */,
				C398CBF121CCB05900995C00 /* CartDetailViewController.swift */,
			);
			path = csh_Project;
			sourceTree = "<group>";
		};
/* End PBXGroup section */

/* Begin PBXNativeTarget section */
		D498AFBC2199AD5100589B44 /* csh_Project */ = {
			isa = PBXNativeTarget;
			buildConfigurationList = D498AFCF2199AD5300589B44 /* Build configuration list for PBXNativeTarget "csh_Project" */;
			buildPhases = (
				FD3FFCC3AD39D0ABD76DEF27 /* [CP] Check Pods Manifest.lock */,
				D498AFB92199AD5100589B44 /* Sources */,
				D498AFBA2199AD5100589B44 /* Frameworks */,
				D498AFBB2199AD5100589B44 /* Resources */,
				96057DB167C7D429B9A87ADB /* [CP] Embed Pods Frameworks */,
				420A733D14EA755D7D1AE898 /* [CP] Copy Pods Resources */,
			);
			buildRules = (
			);
			dependencies = (
			);
			name = csh_Project;
			productName = csh_Project;
			productReference = D498AFBD2199AD5100589B44 /* csh_Project.app */;
			productType = "com.apple.product-type.application";
		};
/* End PBXNativeTarget section */

/* Begin PBXProject section */
		D498AFB52199AD5100589B44 /* Project object */ = {
			isa = PBXProject;
			attributes = {
				LastSwiftUpdateCheck = 0940;
				LastUpgradeCheck = 0940;
				ORGANIZATIONNAME = comsoft;
				TargetAttributes = {
					D498AFBC2199AD5100589B44 = {
						CreatedOnToolsVersion = 9.4.1;
					};
				};
			};
			buildConfigurationList = D498AFB82199AD5100589B44 /* Build configuration list for PBXProject "csh_Project" */;
			compatibilityVersion = "Xcode 9.3";
			developmentRegion = en;
			hasScannedForEncodings = 0;
			knownRegions = (
				en,
				Base,
			);
			mainGroup = D498AFB42199AD5100589B44;
			productRefGroup = D498AFBE2199AD5100589B44 /* Products */;
			projectDirPath = "";
			projectRoot = "";
			targets = (
				D498AFBC2199AD5100589B44 /* csh_Project */,
			);
		};
/* End PBXProject section */

/* Begin PBXResourcesBuildPhase section */
		D498AFBB2199AD5100589B44 /* Resources */ = {
			isa = PBXResourcesBuildPhase;
			buildActionMask = 2147483647;
			files = (
				D48C5D5A21A2EBEF003F4D74 /* Cart.storyboard in Resources */,
				D498AFCB2199AD5300589B44 /* LaunchScreen.storyboard in Resources */,
				C31B01F521C94D12008353CD /* title.png in Resources */,
				D498AFC82199AD5300589B44 /* Assets.xcassets in Resources */,
				C3D51CCF21B92C4800893733 /* tabImg2.png in Resources */,
				D498AFC62199AD5100589B44 /* Main.storyboard in Resources */,
				C3D51CCD21B92C4800893733 /* tabImg3.png in Resources */,
				C3D7BEDC21ACF954001091D7 /* Wishlist.storyboard in Resources */,
				D48C5D5821A2EB27003F4D74 /* Home.storyboard in Resources */,
				C3D51CCE21B92C4800893733 /* tabImg1.png in Resources */,
				C31B01F321C94BC9008353CD /* layout.png in Resources */,
				C31B01F121C94BAE008353CD /* top.PNG in Resources */,
				C3D51CCC21B92C4800893733 /* tabImg4.png in Resources */,
				C343640021B59C9D0028E57A /* GoogleService-Info.plist in Resources */,
			);
			runOnlyForDeploymentPostprocessing = 0;
		};
/* End PBXResourcesBuildPhase section */

/* Begin PBXShellScriptBuildPhase section */
		420A733D14EA755D7D1AE898 /* [CP] Copy Pods Resources */ = {
			isa = PBXShellScriptBuildPhase;
			buildActionMask = 2147483647;
			files = (
			);
			inputPaths = (
				"${SRCROOT}/Pods/Target Support Files/Pods-csh_Project/Pods-csh_Project-resources.sh",
				"${PODS_CONFIGURATION_BUILD_DIR}/FirebaseFirestore/gRPCCertificates.bundle",
			);
			name = "[CP] Copy Pods Resources";
			outputPaths = (
				"${TARGET_BUILD_DIR}/${UNLOCALIZED_RESOURCES_FOLDER_PATH}/gRPCCertificates.bundle",
			);
			runOnlyForDeploymentPostprocessing = 0;
			shellPath = /bin/sh;
			shellScript = "\"${SRCROOT}/Pods/Target Support Files/Pods-csh_Project/Pods-csh_Project-resources.sh\"\n";
			showEnvVarsInLog = 0;
		};
		96057DB167C7D429B9A87ADB /* [CP] Embed Pods Frameworks */ = {
			isa = PBXShellScriptBuildPhase;
			buildActionMask = 2147483647;
			files = (
			);
			inputPaths = (
				"${SRCROOT}/Pods/Target Support Files/Pods-csh_Project/Pods-csh_Project-frameworks.sh",
				"${BUILT_PRODUCTS_DIR}/BoringSSL/openssl.framework",
				"${BUILT_PRODUCTS_DIR}/GoogleUtilities/GoogleUtilities.framework",
				"${BUILT_PRODUCTS_DIR}/Protobuf/Protobuf.framework",
				"${BUILT_PRODUCTS_DIR}/gRPC-C++/grpcpp.framework",
				"${BUILT_PRODUCTS_DIR}/gRPC-Core/grpc.framework",
				"${BUILT_PRODUCTS_DIR}/leveldb-library/leveldb.framework",
				"${BUILT_PRODUCTS_DIR}/nanopb/nanopb.framework",
			);
			name = "[CP] Embed Pods Frameworks";
			outputPaths = (
				"${TARGET_BUILD_DIR}/${FRAMEWORKS_FOLDER_PATH}/openssl.framework",
				"${TARGET_BUILD_DIR}/${FRAMEWORKS_FOLDER_PATH}/GoogleUtilities.framework",
				"${TARGET_BUILD_DIR}/${FRAMEWORKS_FOLDER_PATH}/Protobuf.framework",
				"${TARGET_BUILD_DIR}/${FRAMEWORKS_FOLDER_PATH}/grpcpp.framework",
				"${TARGET_BUILD_DIR}/${FRAMEWORKS_FOLDER_PATH}/grpc.framework",
				"${TARGET_BUILD_DIR}/${FRAMEWORKS_FOLDER_PATH}/leveldb.framework",
				"${TARGET_BUILD_DIR}/${FRAMEWORKS_FOLDER_PATH}/nanopb.framework",
			);
			runOnlyForDeploymentPostprocessing = 0;
			shellPath = /bin/sh;
			shellScript = "\"${SRCROOT}/Pods/Target Support Files/Pods-csh_Project/Pods-csh_Project-frameworks.sh\"\n";
			showEnvVarsInLog = 0;
		};
		FD3FFCC3AD39D0ABD76DEF27 /* [CP] Check Pods Manifest.lock */ = {
			isa = PBXShellScriptBuildPhase;
			buildActionMask = 2147483647;
			files = (
			);
			inputPaths = (
				"${PODS_PODFILE_DIR_PATH}/Podfile.lock",
				"${PODS_ROOT}/Manifest.lock",
			);
			name = "[CP] Check Pods Manifest.lock";
			outputPaths = (
				"$(DERIVED_FILE_DIR)/Pods-csh_Project-checkManifestLockResult.txt",
			);
			runOnlyForDeploymentPostprocessing = 0;
			shellPath = /bin/sh;
			shellScript = "diff \"${PODS_PODFILE_DIR_PATH}/Podfile.lock\" \"${PODS_ROOT}/Manifest.lock\" > /dev/null\nif [ $? != 0 ] ; then\n    # print error to STDERR\n    echo \"error: The sandbox is not in sync with the Podfile.lock. Run 'pod install' or update your CocoaPods installation.\" >&2\n    exit 1\nfi\n# This output is used by Xcode 'outputs' to avoid re-running this script phase.\necho \"SUCCESS\" > \"${SCRIPT_OUTPUT_FILE_0}\"\n";
			showEnvVarsInLog = 0;
		};
/* End PBXShellScriptBuildPhase section */

/* Begin PBXSourcesBuildPhase section */
		D498AFB92199AD5100589B44 /* Sources */ = {
			isa = PBXSourcesBuildPhase;
			buildActionMask = 2147483647;
			files = (
				C3A5A0AA21BEDD81002E38F6 /* HomeDetailViewController.swift in Sources */,
				C398CBF021CCAB8600995C00 /* CartTableViewController.swift in Sources */,
				C31B01E921C0EA2B008353CD /* WishlistTableViewController.swift in Sources */,
				C3D51CD121BD06AD00893733 /* HomeTableViewController.swift in Sources */,
				D498AFC32199AD5100589B44 /* ViewController.swift in Sources */,
				C398CBF221CCB05900995C00 /* CartDetailViewController.swift in Sources */,
				D414C44F21CA321600DC33E9 /* WishDetailViewController.swift in Sources */,
				D498AFC12199AD5100589B44 /* AppDelegate.swift in Sources */,
				C3D7BEFE21B035B9001091D7 /* HomeViewController.swift in Sources */,
			);
			runOnlyForDeploymentPostprocessing = 0;
		};
/* End PBXSourcesBuildPhase section */

/* Begin PBXVariantGroup section */
		D498AFC42199AD5100589B44 /* Main.storyboard */ = {
			isa = PBXVariantGroup;
			children = (
				D498AFC52199AD5100589B44 /* Base */,
			);
			name = Main.storyboard;
			sourceTree = "<group>";
		};
		D498AFC92199AD5300589B44 /* LaunchScreen.storyboard */ = {
			isa = PBXVariantGroup;
			children = (
				D498AFCA2199AD5300589B44 /* Base */,
			);
			name = LaunchScreen.storyboard;
			sourceTree = "<group>";
		};
/* End PBXVariantGroup section */

/* Begin XCBuildConfiguration section */
		D498AFCD2199AD5300589B44 /* Debug */ = {
			isa = XCBuildConfiguration;
			buildSettings = {
				ALWAYS_SEARCH_USER_PATHS = NO;
				CLANG_ANALYZER_NONNULL = YES;
				CLANG_ANALYZER_NUMBER_OBJECT_CONVERSION = YES_AGGRESSIVE;
				CLANG_CXX_LANGUAGE_STANDARD = "gnu++14";
				CLANG_CXX_LIBRARY = "libc++";
				CLANG_ENABLE_MODULES = YES;
				CLANG_ENABLE_OBJC_ARC = YES;
				CLANG_ENABLE_OBJC_WEAK = YES;
				CLANG_WARN_BLOCK_CAPTURE_AUTORELEASING = YES;
				CLANG_WARN_BOOL_CONVERSION = YES;
				CLANG_WARN_COMMA = YES;
				CLANG_WARN_CONSTANT_CONVERSION = YES;
				CLANG_WARN_DEPRECATED_OBJC_IMPLEMENTATIONS = YES;
				CLANG_WARN_DIRECT_OBJC_ISA_USAGE = YES_ERROR;
				CLANG_WARN_DOCUMENTATION_COMMENTS = YES;
				CLANG_WARN_EMPTY_BODY = YES;
				CLANG_WARN_ENUM_CONVERSION = YES;
				CLANG_WARN_INFINITE_RECURSION = YES;
				CLANG_WARN_INT_CONVERSION = YES;
				CLANG_WARN_NON_LITERAL_NULL_CONVERSION = YES;
				CLANG_WARN_OBJC_IMPLICIT_RETAIN_SELF = YES;
				CLANG_WARN_OBJC_LITERAL_CONVERSION = YES;
				CLANG_WARN_OBJC_ROOT_CLASS = YES_ERROR;
				CLANG_WARN_RANGE_LOOP_ANALYSIS = YES;
				CLANG_WARN_STRICT_PROTOTYPES = YES;
				CLANG_WARN_SUSPICIOUS_MOVE = YES;
				CLANG_WARN_UNGUARDED_AVAILABILITY = YES_AGGRESSIVE;
				CLANG_WARN_UNREACHABLE_CODE = YES;
				CLANG_WARN__DUPLICATE_METHOD_MATCH = YES;
				CODE_SIGN_IDENTITY = "iPhone Developer";
				COPY_PHASE_STRIP = NO;
				DEBUG_INFORMATION_FORMAT = dwarf;
				ENABLE_STRICT_OBJC_MSGSEND = YES;
				ENABLE_TESTABILITY = YES;
				GCC_C_LANGUAGE_STANDARD = gnu11;
				GCC_DYNAMIC_NO_PIC = NO;
				GCC_NO_COMMON_BLOCKS = YES;
				GCC_OPTIMIZATION_LEVEL = 0;
				GCC_PREPROCESSOR_DEFINITIONS = (
					"DEBUG=1",
					"$(inherited)",
				);
				GCC_WARN_64_TO_32_BIT_CONVERSION = YES;
				GCC_WARN_ABOUT_RETURN_TYPE = YES_ERROR;
				GCC_WARN_UNDECLARED_SELECTOR = YES;
				GCC_WARN_UNINITIALIZED_AUTOS = YES_AGGRESSIVE;
				GCC_WARN_UNUSED_FUNCTION = YES;
				GCC_WARN_UNUSED_VARIABLE = YES;
				IPHONEOS_DEPLOYMENT_TARGET = 11.4;
				MTL_ENABLE_DEBUG_INFO = YES;
				ONLY_ACTIVE_ARCH = YES;
				SDKROOT = iphoneos;
				SWIFT_ACTIVE_COMPILATION_CONDITIONS = DEBUG;
				SWIFT_OPTIMIZATION_LEVEL = "-Onone";
			};
			name = Debug;
		};
		D498AFCE2199AD5300589B44 /* Release */ = {
			isa = XCBuildConfiguration;
			buildSettings = {
				ALWAYS_SEARCH_USER_PATHS = NO;
				CLANG_ANALYZER_NONNULL = YES;
				CLANG_ANALYZER_NUMBER_OBJECT_CONVERSION = YES_AGGRESSIVE;
				CLANG_CXX_LANGUAGE_STANDARD = "gnu++14";
				CLANG_CXX_LIBRARY = "libc++";
				CLANG_ENABLE_MODULES = YES;
				CLANG_ENABLE_OBJC_ARC = YES;
				CLANG_ENABLE_OBJC_WEAK = YES;
				CLANG_WARN_BLOCK_CAPTURE_AUTORELEASING = YES;
				CLANG_WARN_BOOL_CONVERSION = YES;
				CLANG_WARN_COMMA = YES;
				CLANG_WARN_CONSTANT_CONVERSION = YES;
				CLANG_WARN_DEPRECATED_OBJC_IMPLEMENTATIONS = YES;
				CLANG_WARN_DIRECT_OBJC_ISA_USAGE = YES_ERROR;
				CLANG_WARN_DOCUMENTATION_COMMENTS = YES;
				CLANG_WARN_EMPTY_BODY = YES;
				CLANG_WARN_ENUM_CONVERSION = YES;
				CLANG_WARN_INFINITE_RECURSION = YES;
				CLANG_WARN_INT_CONVERSION = YES;
				CLANG_WARN_NON_LITERAL_NULL_CONVERSION = YES;
				CLANG_WARN_OBJC_IMPLICIT_RETAIN_SELF = YES;
				CLANG_WARN_OBJC_LITERAL_CONVERSION = YES;
				CLANG_WARN_OBJC_ROOT_CLASS = YES_ERROR;
				CLANG_WARN_RANGE_LOOP_ANALYSIS = YES;
				CLANG_WARN_STRICT_PROTOTYPES = YES;
				CLANG_WARN_SUSPICIOUS_MOVE = YES;
				CLANG_WARN_UNGUARDED_AVAILABILITY = YES_AGGRESSIVE;
				CLANG_WARN_UNREACHABLE_CODE = YES;
				CLANG_WARN__DUPLICATE_METHOD_MATCH = YES;
				CODE_SIGN_IDENTITY = "iPhone Developer";
				COPY_PHASE_STRIP = NO;
				DEBUG_INFORMATION_FORMAT = "dwarf-with-dsym";
				ENABLE_NS_ASSERTIONS = NO;
				ENABLE_STRICT_OBJC_MSGSEND = YES;
				GCC_C_LANGUAGE_STANDARD = gnu11;
				GCC_NO_COMMON_BLOCKS = YES;
				GCC_WARN_64_TO_32_BIT_CONVERSION = YES;
				GCC_WARN_ABOUT_RETURN_TYPE = YES_ERROR;
				GCC_WARN_UNDECLARED_SELECTOR = YES;
				GCC_WARN_UNINITIALIZED_AUTOS = YES_AGGRESSIVE;
				GCC_WARN_UNUSED_FUNCTION = YES;
				GCC_WARN_UNUSED_VARIABLE = YES;
				IPHONEOS_DEPLOYMENT_TARGET = 11.4;
				MTL_ENABLE_DEBUG_INFO = NO;
				SDKROOT = iphoneos;
				SWIFT_COMPILATION_MODE = wholemodule;
				SWIFT_OPTIMIZATION_LEVEL = "-O";
				VALIDATE_PRODUCT = YES;
			};
			name = Release;
		};
		D498AFD02199AD5300589B44 /* Debug */ = {
			isa = XCBuildConfiguration;
			baseConfigurationReference = 33F03DEBFF4DCCAC45C9DAE8 /* Pods-csh_Project.debug.xcconfig */;
			buildSettings = {
				ASSETCATALOG_COMPILER_APPICON_NAME = AppIcon;
				CODE_SIGN_STYLE = Automatic;
				DEVELOPMENT_TEAM = "";
				INFOPLIST_FILE = csh_Project/Info.plist;
				LD_RUNPATH_SEARCH_PATHS = (
					"$(inherited)",
					"@executable_path/Frameworks",
				);
				PRODUCT_BUNDLE_IDENTIFIER = "kr.ac.induk.csh.csh-Project";
				PRODUCT_NAME = "$(TARGET_NAME)";
				SWIFT_VERSION = 4.0;
				TARGETED_DEVICE_FAMILY = "1,2";
			};
			name = Debug;
		};
		D498AFD12199AD5300589B44 /* Release */ = {
			isa = XCBuildConfiguration;
			baseConfigurationReference = 4C1CD4E1D68FAE90F9A20E4D /* Pods-csh_Project.release.xcconfig */;
			buildSettings = {
				ASSETCATALOG_COMPILER_APPICON_NAME = AppIcon;
				CODE_SIGN_STYLE = Automatic;
				DEVELOPMENT_TEAM = "";
				INFOPLIST_FILE = csh_Project/Info.plist;
				LD_RUNPATH_SEARCH_PATHS = (
					"$(inherited)",
					"@executable_path/Frameworks",
				);
				PRODUCT_BUNDLE_IDENTIFIER = "kr.ac.induk.csh.csh-Project";
				PRODUCT_NAME = "$(TARGET_NAME)";
				SWIFT_VERSION = 4.0;
				TARGETED_DEVICE_FAMILY = "1,2";
			};
			name = Release;
		};
/* End XCBuildConfiguration section */

/* Begin XCConfigurationList section */
		D498AFB82199AD5100589B44 /* Build configuration list for PBXProject "csh_Project" */ = {
			isa = XCConfigurationList;
			buildConfigurations = (
				D498AFCD2199AD5300589B44 /* Debug */,
				D498AFCE2199AD5300589B44 /* Release */,
			);
			defaultConfigurationIsVisible = 0;
			defaultConfigurationName = Release;
		};
		D498AFCF2199AD5300589B44 /* Build configuration list for PBXNativeTarget "csh_Project" */ = {
			isa = XCConfigurationList;
			buildConfigurations = (
				D498AFD02199AD5300589B44 /* Debug */,
				D498AFD12199AD5300589B44 /* Release */,
			);
			defaultConfigurationIsVisible = 0;
			defaultConfigurationName = Release;
		};
/* End XCConfigurationList section */
	};
	rootObject = D498AFB52199AD5100589B44 /* Project object */;
}
